// !$*UTF8*$!
{
	archiveVersion = 1;
	classes = {
	};
	objectVersion = 46;
	objects = {

/* Begin PBXBuildFile section */
		7CB6316E19D5254E00334193 /* ViewController.m in Sources */ = {isa = PBXBuildFile; fileRef = 7CB6316C19D5254E00334193 /* ViewController.m */; };
		7CB6317119D5256800334193 /* QMViewController.m in Sources */ = {isa = PBXBuildFile; fileRef = 7CB6317019D5256800334193 /* QMViewController.m */; };
		7CB6317419D5259200334193 /* SignUpViewController.m in Sources */ = {isa = PBXBuildFile; fileRef = 7CB6317319D5259200334193 /* SignUpViewController.m */; };
		7CB6317719D525B900334193 /* SignUpViewController01.m in Sources */ = {isa = PBXBuildFile; fileRef = 7CB6317619D525B900334193 /* SignUpViewController01.m */; };
		7CB6317A19D5264200334193 /* SignUpViewController02.m in Sources */ = {isa = PBXBuildFile; fileRef = 7CB6317919D5264200334193 /* SignUpViewController02.m */; };
		7CB6318319D52A5600334193 /* PropertyMainController.m in Sources */ = {isa = PBXBuildFile; fileRef = 7CB6318219D52A5600334193 /* PropertyMainController.m */; };
		7CB6318619D52C5300334193 /* LifeSupportMainController.m in Sources */ = {isa = PBXBuildFile; fileRef = 7CB6318519D52C5300334193 /* LifeSupportMainController.m */; };
		7CB6318919D52C7400334193 /* SocialMainController.m in Sources */ = {isa = PBXBuildFile; fileRef = 7CB6318819D52C7400334193 /* SocialMainController.m */; };
		7CB6318C19D52C9A00334193 /* SecurityMainController.m in Sources */ = {isa = PBXBuildFile; fileRef = 7CB6318B19D52C9A00334193 /* SecurityMainController.m */; };
		7CB6318F19D52CBE00334193 /* PersonalMainController.m in Sources */ = {isa = PBXBuildFile; fileRef = 7CB6318E19D52CBE00334193 /* PersonalMainController.m */; };
		7CD7F47119D4F425008D9141 /* Foundation.framework in Frameworks */ = {isa = PBXBuildFile; fileRef = 7CD7F47019D4F425008D9141 /* Foundation.framework */; };
		7CD7F47319D4F425008D9141 /* CoreGraphics.framework in Frameworks */ = {isa = PBXBuildFile; fileRef = 7CD7F47219D4F425008D9141 /* CoreGraphics.framework */; };
		7CD7F47519D4F425008D9141 /* UIKit.framework in Frameworks */ = {isa = PBXBuildFile; fileRef = 7CD7F47419D4F425008D9141 /* UIKit.framework */; };
		7CD7F47B19D4F425008D9141 /* InfoPlist.strings in Resources */ = {isa = PBXBuildFile; fileRef = 7CD7F47919D4F425008D9141 /* InfoPlist.strings */; };
		7CD7F47D19D4F425008D9141 /* main.m in Sources */ = {isa = PBXBuildFile; fileRef = 7CD7F47C19D4F425008D9141 /* main.m */; };
		7CD7F48119D4F425008D9141 /* AppDelegate.m in Sources */ = {isa = PBXBuildFile; fileRef = 7CD7F48019D4F425008D9141 /* AppDelegate.m */; };
		7CD7F48419D4F426008D9141 /* Main.storyboard in Resources */ = {isa = PBXBuildFile; fileRef = 7CD7F48219D4F426008D9141 /* Main.storyboard */; };
		7CD7F48919D4F426008D9141 /* Images.xcassets in Resources */ = {isa = PBXBuildFile; fileRef = 7CD7F48819D4F426008D9141 /* Images.xcassets */; };
		7CD7F49019D4F426008D9141 /* XCTest.framework in Frameworks */ = {isa = PBXBuildFile; fileRef = 7CD7F48F19D4F426008D9141 /* XCTest.framework */; };
		7CD7F49119D4F426008D9141 /* Foundation.framework in Frameworks */ = {isa = PBXBuildFile; fileRef = 7CD7F47019D4F425008D9141 /* Foundation.framework */; };
		7CD7F49219D4F426008D9141 /* UIKit.framework in Frameworks */ = {isa = PBXBuildFile; fileRef = 7CD7F47419D4F425008D9141 /* UIKit.framework */; };
		7CD7F49A19D4F426008D9141 /* InfoPlist.strings in Resources */ = {isa = PBXBuildFile; fileRef = 7CD7F49819D4F426008D9141 /* InfoPlist.strings */; };
		7CD7F49C19D4F426008D9141 /* CommunityTests.m in Sources */ = {isa = PBXBuildFile; fileRef = 7CD7F49B19D4F426008D9141 /* CommunityTests.m */; };
		A66641B669CF455BAAF2F54A /* libPods.a in Frameworks */ = {isa = PBXBuildFile; fileRef = B1D951DF1DD041DB8D9D6A11 /* libPods.a */; };
/* End PBXBuildFile section */

/* Begin PBXContainerItemProxy section */
		7CD7F49319D4F426008D9141 /* PBXContainerItemProxy */ = {
			isa = PBXContainerItemProxy;
			containerPortal = 7CD7F46519D4F425008D9141 /* Project object */;
			proxyType = 1;
			remoteGlobalIDString = 7CD7F46C19D4F425008D9141;
			remoteInfo = Community;
		};
/* End PBXContainerItemProxy section */

/* Begin PBXFileReference section */
		2373A47D3A2949EABB6521B1 /* Pods.xcconfig */ = {isa = PBXFileReference; includeInIndex = 1; lastKnownFileType = text.xcconfig; name = Pods.xcconfig; path = Pods/Pods.xcconfig; sourceTree = "<group>"; };
		7CB6316B19D5254E00334193 /* ViewController.h */ = {isa = PBXFileReference; fileEncoding = 4; lastKnownFileType = sourcecode.c.h; path = ViewController.h; sourceTree = "<group>"; };
		7CB6316C19D5254E00334193 /* ViewController.m */ = {isa = PBXFileReference; fileEncoding = 4; lastKnownFileType = sourcecode.c.objc; path = ViewController.m; sourceTree = "<group>"; };
		7CB6316F19D5256800334193 /* QMViewController.h */ = {isa = PBXFileReference; fileEncoding = 4; lastKnownFileType = sourcecode.c.h; path = QMViewController.h; sourceTree = "<group>"; };
		7CB6317019D5256800334193 /* QMViewController.m */ = {isa = PBXFileReference; fileEncoding = 4; lastKnownFileType = sourcecode.c.objc; path = QMViewController.m; sourceTree = "<group>"; };
		7CB6317219D5259200334193 /* SignUpViewController.h */ = {isa = PBXFileReference; fileEncoding = 4; lastKnownFileType = sourcecode.c.h; path = SignUpViewController.h; sourceTree = "<group>"; };
		7CB6317319D5259200334193 /* SignUpViewController.m */ = {isa = PBXFileReference; fileEncoding = 4; lastKnownFileType = sourcecode.c.objc; path = SignUpViewController.m; sourceTree = "<group>"; };
		7CB6317519D525B900334193 /* SignUpViewController01.h */ = {isa = PBXFileReference; fileEncoding = 4; lastKnownFileType = sourcecode.c.h; path = SignUpViewController01.h; sourceTree = "<group>"; };
		7CB6317619D525B900334193 /* SignUpViewController01.m */ = {isa = PBXFileReference; fileEncoding = 4; lastKnownFileType = sourcecode.c.objc; path = SignUpViewController01.m; sourceTree = "<group>"; };
		7CB6317819D5264200334193 /* SignUpViewController02.h */ = {isa = PBXFileReference; fileEncoding = 4; lastKnownFileType = sourcecode.c.h; path = SignUpViewController02.h; sourceTree = "<group>"; };
		7CB6317919D5264200334193 /* SignUpViewController02.m */ = {isa = PBXFileReference; fileEncoding = 4; lastKnownFileType = sourcecode.c.objc; path = SignUpViewController02.m; sourceTree = "<group>"; };
		7CB6318119D52A5600334193 /* PropertyMainController.h */ = {isa = PBXFileReference; fileEncoding = 4; lastKnownFileType = sourcecode.c.h; path = PropertyMainController.h; sourceTree = "<group>"; };
		7CB6318219D52A5600334193 /* PropertyMainController.m */ = {isa = PBXFileReference; fileEncoding = 4; lastKnownFileType = sourcecode.c.objc; path = PropertyMainController.m; sourceTree = "<group>"; };
		7CB6318419D52C5300334193 /* LifeSupportMainController.h */ = {isa = PBXFileReference; fileEncoding = 4; lastKnownFileType = sourcecode.c.h; path = LifeSupportMainController.h; sourceTree = "<group>"; };
		7CB6318519D52C5300334193 /* LifeSupportMainController.m */ = {isa = PBXFileReference; fileEncoding = 4; lastKnownFileType = sourcecode.c.objc; path = LifeSupportMainController.m; sourceTree = "<group>"; };
		7CB6318719D52C7400334193 /* SocialMainController.h */ = {isa = PBXFileReference; fileEncoding = 4; lastKnownFileType = sourcecode.c.h; path = SocialMainController.h; sourceTree = "<group>"; };
		7CB6318819D52C7400334193 /* SocialMainController.m */ = {isa = PBXFileReference; fileEncoding = 4; lastKnownFileType = sourcecode.c.objc; path = SocialMainController.m; sourceTree = "<group>"; };
		7CB6318A19D52C9A00334193 /* SecurityMainController.h */ = {isa = PBXFileReference; fileEncoding = 4; lastKnownFileType = sourcecode.c.h; path = SecurityMainController.h; sourceTree = "<group>"; };
		7CB6318B19D52C9A00334193 /* SecurityMainController.m */ = {isa = PBXFileReference; fileEncoding = 4; lastKnownFileType = sourcecode.c.objc; path = SecurityMainController.m; sourceTree = "<group>"; };
		7CB6318D19D52CBE00334193 /* PersonalMainController.h */ = {isa = PBXFileReference; fileEncoding = 4; lastKnownFileType = sourcecode.c.h; path = PersonalMainController.h; sourceTree = "<group>"; };
		7CB6318E19D52CBE00334193 /* PersonalMainController.m */ = {isa = PBXFileReference; fileEncoding = 4; lastKnownFileType = sourcecode.c.objc; path = PersonalMainController.m; sourceTree = "<group>"; };
		7CD7F46D19D4F425008D9141 /* Community.app */ = {isa = PBXFileReference; explicitFileType = wrapper.application; includeInIndex = 0; path = Community.app; sourceTree = BUILT_PRODUCTS_DIR; };
		7CD7F47019D4F425008D9141 /* Foundation.framework */ = {isa = PBXFileReference; lastKnownFileType = wrapper.framework; name = Foundation.framework; path = System/Library/Frameworks/Foundation.framework; sourceTree = SDKROOT; };
		7CD7F47219D4F425008D9141 /* CoreGraphics.framework */ = {isa = PBXFileReference; lastKnownFileType = wrapper.framework; name = CoreGraphics.framework; path = System/Library/Frameworks/CoreGraphics.framework; sourceTree = SDKROOT; };
		7CD7F47419D4F425008D9141 /* UIKit.framework */ = {isa = PBXFileReference; lastKnownFileType = wrapper.framework; name = UIKit.framework; path = System/Library/Frameworks/UIKit.framework; sourceTree = SDKROOT; };
		7CD7F47819D4F425008D9141 /* Community-Info.plist */ = {isa = PBXFileReference; lastKnownFileType = text.plist.xml; path = "Community-Info.plist"; sourceTree = "<group>"; };
		7CD7F47A19D4F425008D9141 /* en */ = {isa = PBXFileReference; lastKnownFileType = text.plist.strings; name = en; path = en.lproj/InfoPlist.strings; sourceTree = "<group>"; };
		7CD7F47C19D4F425008D9141 /* main.m */ = {isa = PBXFileReference; lastKnownFileType = sourcecode.c.objc; path = main.m; sourceTree = "<group>"; };
		7CD7F47E19D4F425008D9141 /* Community-Prefix.pch */ = {isa = PBXFileReference; lastKnownFileType = sourcecode.c.h; path = "Community-Prefix.pch"; sourceTree = "<group>"; };
		7CD7F47F19D4F425008D9141 /* AppDelegate.h */ = {isa = PBXFileReference; lastKnownFileType = sourcecode.c.h; path = AppDelegate.h; sourceTree = "<group>"; };
		7CD7F48019D4F425008D9141 /* AppDelegate.m */ = {isa = PBXFileReference; lastKnownFileType = sourcecode.c.objc; path = AppDelegate.m; sourceTree = "<group>"; };
		7CD7F48319D4F426008D9141 /* Base */ = {isa = PBXFileReference; lastKnownFileType = file.storyboard; name = Base; path = Base.lproj/Main.storyboard; sourceTree = "<group>"; };
		7CD7F48819D4F426008D9141 /* Images.xcassets */ = {isa = PBXFileReference; lastKnownFileType = folder.assetcatalog; path = Images.xcassets; sourceTree = "<group>"; };
		7CD7F48E19D4F426008D9141 /* CommunityTests.xctest */ = {isa = PBXFileReference; explicitFileType = wrapper.cfbundle; includeInIndex = 0; path = CommunityTests.xctest; sourceTree = BUILT_PRODUCTS_DIR; };
		7CD7F48F19D4F426008D9141 /* XCTest.framework */ = {isa = PBXFileReference; lastKnownFileType = wrapper.framework; name = XCTest.framework; path = Library/Frameworks/XCTest.framework; sourceTree = DEVELOPER_DIR; };
		7CD7F49719D4F426008D9141 /* CommunityTests-Info.plist */ = {isa = PBXFileReference; lastKnownFileType = text.plist.xml; path = "CommunityTests-Info.plist"; sourceTree = "<group>"; };
		7CD7F49919D4F426008D9141 /* en */ = {isa = PBXFileReference; lastKnownFileType = text.plist.strings; name = en; path = en.lproj/InfoPlist.strings; sourceTree = "<group>"; };
		7CD7F49B19D4F426008D9141 /* CommunityTests.m */ = {isa = PBXFileReference; lastKnownFileType = sourcecode.c.objc; path = CommunityTests.m; sourceTree = "<group>"; };
		B1D951DF1DD041DB8D9D6A11 /* libPods.a */ = {isa = PBXFileReference; explicitFileType = archive.ar; includeInIndex = 0; path = libPods.a; sourceTree = BUILT_PRODUCTS_DIR; };
/* End PBXFileReference section */

/* Begin PBXFrameworksBuildPhase section */
		7CD7F46A19D4F425008D9141 /* Frameworks */ = {
			isa = PBXFrameworksBuildPhase;
			buildActionMask = 2147483647;
			files = (
				7CD7F47319D4F425008D9141 /* CoreGraphics.framework in Frameworks */,
				7CD7F47519D4F425008D9141 /* UIKit.framework in Frameworks */,
				7CD7F47119D4F425008D9141 /* Foundation.framework in Frameworks */,
				A66641B669CF455BAAF2F54A /* libPods.a in Frameworks */,
			);
			runOnlyForDeploymentPostprocessing = 0;
		};
		7CD7F48B19D4F426008D9141 /* Frameworks */ = {
			isa = PBXFrameworksBuildPhase;
			buildActionMask = 2147483647;
			files = (
				7CD7F49019D4F426008D9141 /* XCTest.framework in Frameworks */,
				7CD7F49219D4F426008D9141 /* UIKit.framework in Frameworks */,
				7CD7F49119D4F426008D9141 /* Foundation.framework in Frameworks */,
			);
			runOnlyForDeploymentPostprocessing = 0;
		};
/* End PBXFrameworksBuildPhase section */

/* Begin PBXGroup section */
		7CB6316719D5254E00334193 /* UI */ = {
			isa = PBXGroup;
			children = (
				7CB6316819D5254E00334193 /* General */,
				7CB6316A19D5254E00334193 /* Login */,
				7CB6316D19D5254E00334193 /* Signup */,
				7CB6317B19D5276A00334193 /* MainUI */,
			);
			path = UI;
			sourceTree = "<group>";
		};
		7CB6316819D5254E00334193 /* General */ = {
			isa = PBXGroup;
			children = (
				7CB6316919D5254E00334193 /* Controller */,
			);
			path = General;
			sourceTree = "<group>";
		};
		7CB6316919D5254E00334193 /* Controller */ = {
			isa = PBXGroup;
			children = (
				7CB6316F19D5256800334193 /* QMViewController.h */,
				7CB6317019D5256800334193 /* QMViewController.m */,
			);
			path = Controller;
			sourceTree = "<group>";
		};
		7CB6316A19D5254E00334193 /* Login */ = {
			isa = PBXGroup;
			children = (
				7CB6316B19D5254E00334193 /* ViewController.h */,
				7CB6316C19D5254E00334193 /* ViewController.m */,
			);
			path = Login;
			sourceTree = "<group>";
		};
		7CB6316D19D5254E00334193 /* Signup */ = {
			isa = PBXGroup;
			children = (
				7CB6317219D5259200334193 /* SignUpViewController.h */,
				7CB6317319D5259200334193 /* SignUpViewController.m */,
				7CB6317519D525B900334193 /* SignUpViewController01.h */,
				7CB6317619D525B900334193 /* SignUpViewController01.m */,
				7CB6317819D5264200334193 /* SignUpViewController02.h */,
				7CB6317919D5264200334193 /* SignUpViewController02.m */,
			);
			path = Signup;
			sourceTree = "<group>";
		};
		7CB6317B19D5276A00334193 /* MainUI */ = {
			isa = PBXGroup;
			children = (
				7CB6317E19D529B300334193 /* Property */,
				7CB6317C19D529B300334193 /* LifeSupport */,
				7CB6318019D529B300334193 /* Social */,
				7CB6317F19D529B300334193 /* Security */,
				7CB6317D19D529B300334193 /* PersonalCenter */,
			);
			path = MainUI;
			sourceTree = "<group>";
		};
		7CB6317C19D529B300334193 /* LifeSupport */ = {
			isa = PBXGroup;
			children = (
				7CB6318419D52C5300334193 /* LifeSupportMainController.h */,
				7CB6318519D52C5300334193 /* LifeSupportMainController.m */,
			);
			path = LifeSupport;
			sourceTree = "<group>";
		};
		7CB6317D19D529B300334193 /* PersonalCenter */ = {
			isa = PBXGroup;
			children = (
				7CB6318D19D52CBE00334193 /* PersonalMainController.h */,
				7CB6318E19D52CBE00334193 /* PersonalMainController.m */,
			);
			path = PersonalCenter;
			sourceTree = "<group>";
		};
		7CB6317E19D529B300334193 /* Property */ = {
			isa = PBXGroup;
			children = (
				7CB6318119D52A5600334193 /* PropertyMainController.h */,
				7CB6318219D52A5600334193 /* PropertyMainController.m */,
			);
			path = Property;
			sourceTree = "<group>";
		};
		7CB6317F19D529B300334193 /* Security */ = {
			isa = PBXGroup;
			children = (
				7CB6318A19D52C9A00334193 /* SecurityMainController.h */,
				7CB6318B19D52C9A00334193 /* SecurityMainController.m */,
			);
			path = Security;
			sourceTree = "<group>";
		};
		7CB6318019D529B300334193 /* Social */ = {
			isa = PBXGroup;
			children = (
				7CB6318719D52C7400334193 /* SocialMainController.h */,
				7CB6318819D52C7400334193 /* SocialMainController.m */,
			);
			path = Social;
			sourceTree = "<group>";
		};
		7CD7F46419D4F425008D9141 = {
			isa = PBXGroup;
			children = (
				7CD7F47619D4F425008D9141 /* Community */,
				7CD7F49519D4F426008D9141 /* CommunityTests */,
				7CD7F46F19D4F425008D9141 /* Frameworks */,
				7CD7F46E19D4F425008D9141 /* Products */,
				2373A47D3A2949EABB6521B1 /* Pods.xcconfig */,
			);
			sourceTree = "<group>";
		};
		7CD7F46E19D4F425008D9141 /* Products */ = {
			isa = PBXGroup;
			children = (
				7CD7F46D19D4F425008D9141 /* Community.app */,
				7CD7F48E19D4F426008D9141 /* CommunityTests.xctest */,
			);
			name = Products;
			sourceTree = "<group>";
		};
		7CD7F46F19D4F425008D9141 /* Frameworks */ = {
			isa = PBXGroup;
			children = (
				7CD7F47019D4F425008D9141 /* Foundation.framework */,
				7CD7F47219D4F425008D9141 /* CoreGraphics.framework */,
				7CD7F47419D4F425008D9141 /* UIKit.framework */,
				7CD7F48F19D4F426008D9141 /* XCTest.framework */,
				B1D951DF1DD041DB8D9D6A11 /* libPods.a */,
			);
			name = Frameworks;
			sourceTree = "<group>";
		};
		7CD7F47619D4F425008D9141 /* Community */ = {
			isa = PBXGroup;
			children = (
				7CD7F47F19D4F425008D9141 /* AppDelegate.h */,
				7CD7F48019D4F425008D9141 /* AppDelegate.m */,
				7CD7F48219D4F426008D9141 /* Main.storyboard */,
				7CB6316719D5254E00334193 /* UI */,
				7CD7F48819D4F426008D9141 /* Images.xcassets */,
				7CD7F47719D4F425008D9141 /* Supporting Files */,
			);
			path = Community;
			sourceTree = "<group>";
		};
		7CD7F47719D4F425008D9141 /* Supporting Files */ = {
			isa = PBXGroup;
			children = (
				7CD7F47819D4F425008D9141 /* Community-Info.plist */,
				7CD7F47919D4F425008D9141 /* InfoPlist.strings */,
				7CD7F47C19D4F425008D9141 /* main.m */,
				7CD7F47E19D4F425008D9141 /* Community-Prefix.pch */,
			);
			name = "Supporting Files";
			sourceTree = "<group>";
		};
		7CD7F49519D4F426008D9141 /* CommunityTests */ = {
			isa = PBXGroup;
			children = (
				7CD7F49B19D4F426008D9141 /* CommunityTests.m */,
				7CD7F49619D4F426008D9141 /* Supporting Files */,
			);
			path = CommunityTests;
			sourceTree = "<group>";
		};
		7CD7F49619D4F426008D9141 /* Supporting Files */ = {
			isa = PBXGroup;
			children = (
				7CD7F49719D4F426008D9141 /* CommunityTests-Info.plist */,
				7CD7F49819D4F426008D9141 /* InfoPlist.strings */,
			);
			name = "Supporting Files";
			sourceTree = "<group>";
		};
/* End PBXGroup section */

/* Begin PBXNativeTarget section */
		7CD7F46C19D4F425008D9141 /* Community */ = {
			isa = PBXNativeTarget;
			buildConfigurationList = 7CD7F49F19D4F426008D9141 /* Build configuration list for PBXNativeTarget "Community" */;
			buildPhases = (
				E761D472368C4A778E5592B2 /* Check Pods Manifest.lock */,
				7CD7F46919D4F425008D9141 /* Sources */,
				7CD7F46A19D4F425008D9141 /* Frameworks */,
				7CD7F46B19D4F425008D9141 /* Resources */,
				87B3D5F3781F417B8B95E229 /* Copy Pods Resources */,
			);
			buildRules = (
			);
			dependencies = (
			);
			name = Community;
			productName = Community;
			productReference = 7CD7F46D19D4F425008D9141 /* Community.app */;
			productType = "com.apple.product-type.application";
		};
		7CD7F48D19D4F426008D9141 /* CommunityTests */ = {
			isa = PBXNativeTarget;
			buildConfigurationList = 7CD7F4A219D4F426008D9141 /* Build configuration list for PBXNativeTarget "CommunityTests" */;
			buildPhases = (
				7CD7F48A19D4F426008D9141 /* Sources */,
				7CD7F48B19D4F426008D9141 /* Frameworks */,
				7CD7F48C19D4F426008D9141 /* Resources */,
			);
			buildRules = (
			);
			dependencies = (
				7CD7F49419D4F426008D9141 /* PBXTargetDependency */,
			);
			name = CommunityTests;
			productName = CommunityTests;
			productReference = 7CD7F48E19D4F426008D9141 /* CommunityTests.xctest */;
			productType = "com.apple.product-type.bundle.unit-test";
		};
/* End PBXNativeTarget section */

/* Begin PBXProject section */
		7CD7F46519D4F425008D9141 /* Project object */ = {
			isa = PBXProject;
			attributes = {
				LastUpgradeCheck = 0510;
				ORGANIZATIONNAME = QiMENG_LYS;
				TargetAttributes = {
					7CD7F48D19D4F426008D9141 = {
						TestTargetID = 7CD7F46C19D4F425008D9141;
					};
				};
			};
			buildConfigurationList = 7CD7F46819D4F425008D9141 /* Build configuration list for PBXProject "Community" */;
			compatibilityVersion = "Xcode 3.2";
			developmentRegion = English;
			hasScannedForEncodings = 0;
			knownRegions = (
				en,
				Base,
			);
			mainGroup = 7CD7F46419D4F425008D9141;
			productRefGroup = 7CD7F46E19D4F425008D9141 /* Products */;
			projectDirPath = "";
			projectRoot = "";
			targets = (
				7CD7F46C19D4F425008D9141 /* Community */,
				7CD7F48D19D4F426008D9141 /* CommunityTests */,
			);
		};
/* End PBXProject section */

/* Begin PBXResourcesBuildPhase section */
		7CD7F46B19D4F425008D9141 /* Resources */ = {
			isa = PBXResourcesBuildPhase;
			buildActionMask = 2147483647;
			files = (
				7CD7F48919D4F426008D9141 /* Images.xcassets in Resources */,
				7CD7F47B19D4F425008D9141 /* InfoPlist.strings in Resources */,
				7CD7F48419D4F426008D9141 /* Main.storyboard in Resources */,
			);
			runOnlyForDeploymentPostprocessing = 0;
		};
		7CD7F48C19D4F426008D9141 /* Resources */ = {
			isa = PBXResourcesBuildPhase;
			buildActionMask = 2147483647;
			files = (
				7CD7F49A19D4F426008D9141 /* InfoPlist.strings in Resources */,
			);
			runOnlyForDeploymentPostprocessing = 0;
		};
/* End PBXResourcesBuildPhase section */

/* Begin PBXShellScriptBuildPhase section */
		87B3D5F3781F417B8B95E229 /* Copy Pods Resources */ = {
			isa = PBXShellScriptBuildPhase;
			buildActionMask = 2147483647;
			files = (
			);
			inputPaths = (
			);
			name = "Copy Pods Resources";
			outputPaths = (
			);
			runOnlyForDeploymentPostprocessing = 0;
			shellPath = /bin/sh;
			shellScript = "\"${SRCROOT}/Pods/Pods-resources.sh\"\n";
			showEnvVarsInLog = 0;
		};
		E761D472368C4A778E5592B2 /* Check Pods Manifest.lock */ = {
			isa = PBXShellScriptBuildPhase;
			buildActionMask = 2147483647;
			files = (
			);
			inputPaths = (
			);
			name = "Check Pods Manifest.lock";
			outputPaths = (
			);
			runOnlyForDeploymentPostprocessing = 0;
			shellPath = /bin/sh;
			shellScript = "diff \"${PODS_ROOT}/../Podfile.lock\" \"${PODS_ROOT}/Manifest.lock\" > /dev/null\nif [[ $? != 0 ]] ; then\n    cat << EOM\nerror: The sandbox is not in sync with the Podfile.lock. Run 'pod install' or update your CocoaPods installation.\nEOM\n    exit 1\nfi\n";
			showEnvVarsInLog = 0;
		};
/* End PBXShellScriptBuildPhase section */

/* Begin PBXSourcesBuildPhase section */
		7CD7F46919D4F425008D9141 /* Sources */ = {
			isa = PBXSourcesBuildPhase;
			buildActionMask = 2147483647;
			files = (
				7CB6318C19D52C9A00334193 /* SecurityMainController.m in Sources */,
				7CB6316E19D5254E00334193 /* ViewController.m in Sources */,
				7CB6318319D52A5600334193 /* PropertyMainController.m in Sources */,
				7CB6318619D52C5300334193 /* LifeSupportMainController.m in Sources */,
				7CB6318919D52C7400334193 /* SocialMainController.m in Sources */,
				7CB6317719D525B900334193 /* SignUpViewController01.m in Sources */,
				7CB6317419D5259200334193 /* SignUpViewController.m in Sources */,
				7CD7F48119D4F425008D9141 /* AppDelegate.m in Sources */,
				7CB6318F19D52CBE00334193 /* PersonalMainController.m in Sources */,
				7CB6317A19D5264200334193 /* SignUpViewController02.m in Sources */,
				7CB6317119D5256800334193 /* QMViewController.m in Sources */,
				7CD7F47D19D4F425008D9141 /* main.m in Sources */,
			);
			runOnlyForDeploymentPostprocessing = 0;
		};
		7CD7F48A19D4F426008D9141 /* Sources */ = {
			isa = PBXSourcesBuildPhase;
			buildActionMask = 2147483647;
			files = (
				7CD7F49C19D4F426008D9141 /* CommunityTests.m in Sources */,
			);
			runOnlyForDeploymentPostprocessing = 0;
		};
/* End PBXSourcesBuildPhase section */

/* Begin PBXTargetDependency section */
		7CD7F49419D4F426008D9141 /* PBXTargetDependency */ = {
			isa = PBXTargetDependency;
			target = 7CD7F46C19D4F425008D9141 /* Community */;
			targetProxy = 7CD7F49319D4F426008D9141 /* PBXContainerItemProxy */;
		};
/* End PBXTargetDependency section */

/* Begin PBXVariantGroup section */
		7CD7F47919D4F425008D9141 /* InfoPlist.strings */ = {
			isa = PBXVariantGroup;
			children = (
				7CD7F47A19D4F425008D9141 /* en */,
			);
			name = InfoPlist.strings;
			sourceTree = "<group>";
		};
		7CD7F48219D4F426008D9141 /* Main.storyboard */ = {
			isa = PBXVariantGroup;
			children = (
				7CD7F48319D4F426008D9141 /* Base */,
			);
			name = Main.storyboard;
			sourceTree = "<group>";
		};
		7CD7F49819D4F426008D9141 /* InfoPlist.strings */ = {
			isa = PBXVariantGroup;
			children = (
				7CD7F49919D4F426008D9141 /* en */,
			);
			name = InfoPlist.strings;
			sourceTree = "<group>";
		};
/* End PBXVariantGroup section */

/* Begin XCBuildConfiguration section */
		7CD7F49D19D4F426008D9141 /* Debug */ = {
			isa = XCBuildConfiguration;
			buildSettings = {
				ALWAYS_SEARCH_USER_PATHS = NO;
				CLANG_CXX_LANGUAGE_STANDARD = "gnu++0x";
				CLANG_CXX_LIBRARY = "libc++";
				CLANG_ENABLE_MODULES = YES;
				CLANG_ENABLE_OBJC_ARC = YES;
				CLANG_WARN_BOOL_CONVERSION = YES;
				CLANG_WARN_CONSTANT_CONVERSION = YES;
				CLANG_WARN_DIRECT_OBJC_ISA_USAGE = YES_ERROR;
				CLANG_WARN_EMPTY_BODY = YES;
				CLANG_WARN_ENUM_CONVERSION = YES;
				CLANG_WARN_INT_CONVERSION = YES;
				CLANG_WARN_OBJC_ROOT_CLASS = YES_ERROR;
				CLANG_WARN__DUPLICATE_METHOD_MATCH = YES;
				"CODE_SIGN_IDENTITY[sdk=iphoneos*]" = "iPhone Developer";
				COPY_PHASE_STRIP = NO;
				GCC_C_LANGUAGE_STANDARD = gnu99;
				GCC_DYNAMIC_NO_PIC = NO;
				GCC_OPTIMIZATION_LEVEL = 0;
				GCC_PREPROCESSOR_DEFINITIONS = (
					"DEBUG=1",
					"$(inherited)",
				);
				GCC_SYMBOLS_PRIVATE_EXTERN = NO;
				GCC_WARN_64_TO_32_BIT_CONVERSION = YES;
				GCC_WARN_ABOUT_RETURN_TYPE = YES_ERROR;
				GCC_WARN_UNDECLARED_SELECTOR = YES;
				GCC_WARN_UNINITIALIZED_AUTOS = YES_AGGRESSIVE;
				GCC_WARN_UNUSED_FUNCTION = YES;
				GCC_WARN_UNUSED_VARIABLE = YES;
				IPHONEOS_DEPLOYMENT_TARGET = 7.1;
				ONLY_ACTIVE_ARCH = YES;
				SDKROOT = iphoneos;
			};
			name = Debug;
		};
		7CD7F49E19D4F426008D9141 /* Release */ = {
			isa = XCBuildConfiguration;
			buildSettings = {
				ALWAYS_SEARCH_USER_PATHS = NO;
				CLANG_CXX_LANGUAGE_STANDARD = "gnu++0x";
				CLANG_CXX_LIBRARY = "libc++";
				CLANG_ENABLE_MODULES = YES;
				CLANG_ENABLE_OBJC_ARC = YES;
				CLANG_WARN_BOOL_CONVERSION = YES;
				CLANG_WARN_CONSTANT_CONVERSION = YES;
				CLANG_WARN_DIRECT_OBJC_ISA_USAGE = YES_ERROR;
				CLANG_WARN_EMPTY_BODY = YES;
				CLANG_WARN_ENUM_CONVERSION = YES;
				CLANG_WARN_INT_CONVERSION = YES;
				CLANG_WARN_OBJC_ROOT_CLASS = YES_ERROR;
				CLANG_WARN__DUPLICATE_METHOD_MATCH = YES;
				"CODE_SIGN_IDENTITY[sdk=iphoneos*]" = "iPhone Developer";
				COPY_PHASE_STRIP = YES;
				ENABLE_NS_ASSERTIONS = NO;
				GCC_C_LANGUAGE_STANDARD = gnu99;
				GCC_WARN_64_TO_32_BIT_CONVERSION = YES;
				GCC_WARN_ABOUT_RETURN_TYPE = YES_ERROR;
				GCC_WARN_UNDECLARED_SELECTOR = YES;
				GCC_WARN_UNINITIALIZED_AUTOS = YES_AGGRESSIVE;
				GCC_WARN_UNUSED_FUNCTION = YES;
				GCC_WARN_UNUSED_VARIABLE = YES;
				IPHONEOS_DEPLOYMENT_TARGET = 7.1;
				SDKROOT = iphoneos;
				VALIDATE_PRODUCT = YES;
			};
			name = Release;
		};
		7CD7F4A019D4F426008D9141 /* Debug */ = {
			isa = XCBuildConfiguration;
			baseConfigurationReference = 2373A47D3A2949EABB6521B1 /* Pods.xcconfig */;
			buildSettings = {
				ASSETCATALOG_COMPILER_APPICON_NAME = AppIcon;
				ASSETCATALOG_COMPILER_LAUNCHIMAGE_NAME = LaunchImage;
				GCC_PRECOMPILE_PREFIX_HEADER = YES;
				GCC_PREFIX_HEADER = "Community/Community-Prefix.pch";
				INFOPLIST_FILE = "Community/Community-Info.plist";
				PRODUCT_NAME = "$(TARGET_NAME)";
				WRAPPER_EXTENSION = app;
			};
			name = Debug;
		};
		7CD7F4A119D4F426008D9141 /* Release */ = {
			isa = XCBuildConfiguration;
			baseConfigurationReference = 2373A47D3A2949EABB6521B1 /* Pods.xcconfig */;
			buildSettings = {
				ASSETCATALOG_COMPILER_APPICON_NAME = AppIcon;
				ASSETCATALOG_COMPILER_LAUNCHIMAGE_NAME = LaunchImage;
				GCC_PRECOMPILE_PREFIX_HEADER = YES;
				GCC_PREFIX_HEADER = "Community/Community-Prefix.pch";
				INFOPLIST_FILE = "Community/Community-Info.plist";
				PRODUCT_NAME = "$(TARGET_NAME)";
				WRAPPER_EXTENSION = app;
			};
			name = Release;
		};
		7CD7F4A319D4F426008D9141 /* Debug */ = {
			isa = XCBuildConfiguration;
			buildSettings = {
				BUNDLE_LOADER = "$(BUILT_PRODUCTS_DIR)/Community.app/Community";
				FRAMEWORK_SEARCH_PATHS = (
					"$(SDKROOT)/Developer/Library/Frameworks",
					"$(inherited)",
					"$(DEVELOPER_FRAMEWORKS_DIR)",
				);
				GCC_PRECOMPILE_PREFIX_HEADER = YES;
				GCC_PREFIX_HEADER = "Community/Community-Prefix.pch";
				GCC_PREPROCESSOR_DEFINITIONS = (
					"DEBUG=1",
					"$(inherited)",
				);
				INFOPLIST_FILE = "CommunityTests/CommunityTests-Info.plist";
				PRODUCT_NAME = "$(TARGET_NAME)";
				TEST_HOST = "$(BUNDLE_LOADER)";
				WRAPPER_EXTENSION = xctest;
			};
			name = Debug;
		};
		7CD7F4A419D4F426008D9141 /* Release */ = {
			isa = XCBuildConfiguration;
			buildSettings = {
				BUNDLE_LOADER = "$(BUILT_PRODUCTS_DIR)/Community.app/Community";
				FRAMEWORK_SEARCH_PATHS = (
					"$(SDKROOT)/Developer/Library/Frameworks",
					"$(inherited)",
					"$(DEVELOPER_FRAMEWORKS_DIR)",
				);
				GCC_PRECOMPILE_PREFIX_HEADER = YES;
				GCC_PREFIX_HEADER = "Community/Community-Prefix.pch";
				INFOPLIST_FILE = "CommunityTests/CommunityTests-Info.plist";
				PRODUCT_NAME = "$(TARGET_NAME)";
				TEST_HOST = "$(BUNDLE_LOADER)";
				WRAPPER_EXTENSION = xctest;
			};
			name = Release;
		};
/* End XCBuildConfiguration section */

/* Begin XCConfigurationList section */
		7CD7F46819D4F425008D9141 /* Build configuration list for PBXProject "Community" */ = {
			isa = XCConfigurationList;
			buildConfigurations = (
				7CD7F49D19D4F426008D9141 /* Debug */,
				7CD7F49E19D4F426008D9141 /* Release */,
			);
			defaultConfigurationIsVisible = 0;
			defaultConfigurationName = Release;
		};
		7CD7F49F19D4F426008D9141 /* Build configuration list for PBXNativeTarget "Community" */ = {
			isa = XCConfigurationList;
			buildConfigurations = (
				7CD7F4A019D4F426008D9141 /* Debug */,
				7CD7F4A119D4F426008D9141 /* Release */,
			);
			defaultConfigurationIsVisible = 0;
			defaultConfigurationName = Release;
		};
		7CD7F4A219D4F426008D9141 /* Build configuration list for PBXNativeTarget "CommunityTests" */ = {
			isa = XCConfigurationList;
			buildConfigurations = (
				7CD7F4A319D4F426008D9141 /* Debug */,
				7CD7F4A419D4F426008D9141 /* Release */,
			);
			defaultConfigurationIsVisible = 0;
			defaultConfigurationName = Release;
		};
/* End XCConfigurationList section */
	};
	rootObject = 7CD7F46519D4F425008D9141 /* Project object */;
}
